# This file is automatically @generated by Cargo.
# It is not intended for manual editing.
version = 3

[[package]]
name = "hackline-agent"
version = "0.0.0"
dependencies = [
 "hackline-core",
 "hackline-proto",
]

[[package]]
name = "hackline-cli"
version = "0.0.0"
dependencies = [
 "hackline-proto",
]

[[package]]
name = "hackline-core"
version = "0.0.0"
dependencies = [
 "hackline-proto",
]

[[package]]
name = "hackline-gateway"
version = "0.0.0"
dependencies = [
 "hackline-core",
 "hackline-proto",
]

[[package]]
name = "hackline-proto"
version = "0.0.0"
